{
  "nodes": {
    "nixpkgs": {
      "locked": {
        "lastModified": 1741724370,
        "narHash": "sha256-WsD+8uodhl58jzKKcPH4jH9dLTLFWZpVmGq4W1XDVF4=",
        "owner": "NixOS",
        "repo": "nixpkgs",
        "rev": "95600680c021743fd87b3e2fe13be7c290e1cac4",
        "type": "github"
      },
      "original": {
        "owner": "NixOS",
        "ref": "nixos-24.11",
        "repo": "nixpkgs",
        "type": "github"
      }
    },
    "root": {
      "inputs": {
        "nixpkgs": "nixpkgs",
        "rust-overlay": "rust-overlay"
      }
    },
    "rust-overlay": {
      "inputs": {
        "nixpkgs": [
          "nixpkgs"
        ]
      },
      "locked": {
        "lastModified": 1741833135,
        "narHash": "sha256-HUtFcF4NLwvu7CAowWgqCHXVkNj0EOc/W6Ism4biV6I=",
        "owner": "oxalica",
        "repo": "rust-overlay",
        "rev": "f3cd1e0feb994188fe3ad9a5c3ab021ed433b8c8",
        "type": "github"
      },
      "original": {
        "owner": "oxalica",
        "repo": "rust-overlay",
        "type": "github"
      }
    }
  },
  "root": "root",
  "version": 7
}
